
Microsoft Visual Studio Solution File, Format Version 12.00
# Visual Studio Version 16
VisualStudioVersion = 16.0.30711.63
MinimumVisualStudioVersion = 10.0.40219.1
Project("{FAE04EC0-301F-11D3-BF4B-00C04F79EFBC}") = "PractSix", "PractSix.csproj", "{56C11E01-B9D4-4138-8DC4-01E955C9AD32}"
EndProject
Global
	GlobalSection(SolutionConfigurationPlatforms) = preSolution
		Debug|Any CPU = Debug|Any CPU
		Release|Any CPU = Release|Any CPU
	EndGlobalSection
	GlobalSection(ProjectConfigurationPlatforms) = postSolution
		{56C11E01-B9D4-4138-8DC4-01E955C9AD32}.Debug|Any CPU.ActiveCfg = Debug|Any CPU
		{56C11E01-B9D4-4138-8DC4-01E955C9AD32}.Debug|Any CPU.Build.0 = Debug|Any CPU
		{56C11E01-B9D4-4138-8DC4-01E955C9AD32}.Release|Any CPU.ActiveCfg = Release|Any CPU
		{56C11E01-B9D4-4138-8DC4-01E955C9AD32}.Release|Any CPU.Build.0 = Release|Any CPU
	EndGlobalSection
	GlobalSection(SolutionProperties) = preSolution
		HideSolutionNode = FALSE
	EndGlobalSection
	GlobalSection(ExtensibilityGlobals) = postSolution
		SolutionGuid = {D425FC2C-77CA-46FF-B8B6-79D64AA84EA0}
	EndGlobalSection
EndGlobal
